dependencies:
- name: postgresql
  repository: https://raw.githubusercontent.com/bitnami/charts/pre-2022/bitnami
  version: 10.5.2
- name: bitbucket
  repository: https://atlassian.github.io/data-center-helm-charts
  version: 1.11.0
digest: sha256:f7a1a192f1662bc2c71829502599e356c8ce50692d469617c9b5bcc43e9da984
generated: "2023-04-05T15:19:52.801918731-06:00"
